{
  "nodes": {
    "core-flake": {
      "inputs": {
        "flake-utils": "flake-utils",
        "nixpkgs": [
          "nixpkgs"
        ]
      },
      "locked": {
        "lastModified": 1716942213,
        "narHash": "sha256-sJbOOHy0K2dytC3svPRp1D0WjM5HvIhrrjUTfOTN32w=",
        "ref": "refs/heads/master",
        "rev": "fcad85ebe03a55444aae7d54a8a0c016aa117ac3",
        "revCount": 4,
        "type": "git",
        "url": "ssh://git@github.com/purplenoodlesoop/core-flake"
      },
      "original": {
        "type": "git",
        "url": "ssh://git@github.com/purplenoodlesoop/core-flake"
      }
    },
    "flake-utils": {
      "inputs": {
        "systems": "systems"
      },
      "locked": {
        "lastModified": 1705309234,
        "narHash": "sha256-uNRRNRKmJyCRC/8y1RqBkqWBLM034y4qN7EprSdmgyA=",
        "rev": "1ef2e671c3b0c19053962c07dbda38332dcebf26",
        "revCount": 90,
        "type": "tarball",
        "url": "https://api.flakehub.com/f/pinned/numtide/flake-utils/0.1.90%2Brev-1ef2e671c3b0c19053962c07dbda38332dcebf26/018d0c5a-ac7d-77f2-bef1-1527903ad3cc/source.tar.gz"
      },
      "original": {
        "type": "tarball",
        "url": "https://flakehub.com/f/numtide/flake-utils/%2A.tar.gz"
      }
    },
    "nixpkgs": {
      "locked": {
        "lastModified": 1716941088,
        "narHash": "sha256-GKSAGfLNocNTux33YT9GbEXwEewxepwFL+ViX1CrMCQ=",
        "owner": "NixOS",
        "repo": "nixpkgs",
        "rev": "6c25325ec30a566f5c0446ceee61ada081903872",
        "type": "github"
      },
      "original": {
        "owner": "NixOS",
        "ref": "nixpkgs-unstable",
        "repo": "nixpkgs",
        "type": "github"
      }
    },
    "root": {
      "inputs": {
        "core-flake": "core-flake",
        "nixpkgs": "nixpkgs"
      }
    },
    "systems": {
      "locked": {
        "lastModified": 1681028828,
        "narHash": "sha256-Vy1rq5AaRuLzOxct8nz4T6wlgyUR7zLU309k9mBC768=",
        "owner": "nix-systems",
        "repo": "default",
        "rev": "da67096a3b9bf56a91d16901293e51ba5b49a27e",
        "type": "github"
      },
      "original": {
        "owner": "nix-systems",
        "repo": "default",
        "type": "github"
      }
    }
  },
  "root": "root",
  "version": 7
}
